
Microsoft Visual Studio Solution File, Format Version 12.00
# Visual Studio 14
VisualStudioVersion = 14.0.24720.0
MinimumVisualStudioVersion = 10.0.40219.1
Project("{FAE04EC0-301F-11D3-BF4B-00C04F79EFBC}") = "SimpleClasses", "SimpleClasses\SimpleClasses.csproj", "{AC967C4B-EDE9-41AB-9976-2986D76C673E}"
EndProject
Global
	GlobalSection(SolutionConfigurationPlatforms) = preSolution
		Debug|Any CPU = Debug|Any CPU
		Release|Any CPU = Release|Any CPU
	EndGlobalSection
	GlobalSection(ProjectConfigurationPlatforms) = postSolution
		{AC967C4B-EDE9-41AB-9976-2986D76C673E}.Debug|Any CPU.ActiveCfg = Debug|Any CPU
		{AC967C4B-EDE9-41AB-9976-2986D76C673E}.Debug|Any CPU.Build.0 = Debug|Any CPU
		{AC967C4B-EDE9-41AB-9976-2986D76C673E}.Release|Any CPU.ActiveCfg = Release|Any CPU
		{AC967C4B-EDE9-41AB-9976-2986D76C673E}.Release|Any CPU.Build.0 = Release|Any CPU
	EndGlobalSection
	GlobalSection(SolutionProperties) = preSolution
		HideSolutionNode = FALSE
	EndGlobalSection
EndGlobal
